
Microsoft Visual Studio Solution File, Format Version 12.00
# Visual Studio Version 17
VisualStudioVersion = 17.4.33403.182
MinimumVisualStudioVersion = 10.0.40219.1
Project("{FAE04EC0-301F-11D3-BF4B-00C04F79EFBC}") = "LotteryApp", "LotteryApp\LotteryApp.csproj", "{BAE4D06C-7576-4FA3-9363-596A141191D2}"
EndProject
Project("{54435603-DBB4-11D2-8724-00A0C9A8B90C}") = "SetupLoto2023", "SetupLoto2023\SetupLoto2023.vdproj", "{768ED13A-B363-4C69-92C8-0835B92893EA}"
EndProject
Global
	GlobalSection(SolutionConfigurationPlatforms) = preSolution
		Debug|Any CPU = Debug|Any CPU
		Release|Any CPU = Release|Any CPU
	EndGlobalSection
	GlobalSection(ProjectConfigurationPlatforms) = postSolution
		{BAE4D06C-7576-4FA3-9363-596A141191D2}.Debug|Any CPU.ActiveCfg = Debug|Any CPU
		{BAE4D06C-7576-4FA3-9363-596A141191D2}.Debug|Any CPU.Build.0 = Debug|Any CPU
		{BAE4D06C-7576-4FA3-9363-596A141191D2}.Release|Any CPU.ActiveCfg = Release|Any CPU
		{BAE4D06C-7576-4FA3-9363-596A141191D2}.Release|Any CPU.Build.0 = Release|Any CPU
		{768ED13A-B363-4C69-92C8-0835B92893EA}.Debug|Any CPU.ActiveCfg = Debug
		{768ED13A-B363-4C69-92C8-0835B92893EA}.Release|Any CPU.ActiveCfg = Release
	EndGlobalSection
	GlobalSection(SolutionProperties) = preSolution
		HideSolutionNode = FALSE
	EndGlobalSection
	GlobalSection(ExtensibilityGlobals) = postSolution
		SolutionGuid = {6685F9FC-AC4C-40C1-BA03-CFF022CEEC54}
	EndGlobalSection
EndGlobal
